// !$*UTF8*$!
{
	archiveVersion = 1;
	classes = {
	};
	objectVersion = 50;
	objects = {

/* Begin PBXBuildFile section */
		C1086D1F2527AB170099409C /* AppDelegate.swift in Sources */ = {isa = PBXBuildFile; fileRef = C1086D1E2527AB170099409C /* AppDelegate.swift */; };
		C1086D212527AB170099409C /* SceneDelegate.swift in Sources */ = {isa = PBXBuildFile; fileRef = C1086D202527AB170099409C /* SceneDelegate.swift */; };
		C1086D292527AB170099409C /* Documents_Core_Data_Relationships.xcdatamodeld in Sources */ = {isa = PBXBuildFile; fileRef = C1086D272527AB170099409C /* Documents_Core_Data_Relationships.xcdatamodeld */; };
		C1086D2B2527AB170099409C /* Assets.xcassets in Resources */ = {isa = PBXBuildFile; fileRef = C1086D2A2527AB170099409C /* Assets.xcassets */; };
		C1086D2E2527AB170099409C /* LaunchScreen.storyboard in Resources */ = {isa = PBXBuildFile; fileRef = C1086D2C2527AB170099409C /* LaunchScreen.storyboard */; };
		C1086D392527AB180099409C /* Documents_Core_Data_RelationshipsTests.swift in Sources */ = {isa = PBXBuildFile; fileRef = C1086D382527AB180099409C /* Documents_Core_Data_RelationshipsTests.swift */; };
		C1086D442527AB180099409C /* Documents_Core_Data_RelationshipsUITests.swift in Sources */ = {isa = PBXBuildFile; fileRef = C1086D432527AB180099409C /* Documents_Core_Data_RelationshipsUITests.swift */; };
		C1086D522527AC140099409C /* Main.storyboard in Resources */ = {isa = PBXBuildFile; fileRef = C1086D512527AC140099409C /* Main.storyboard */; };
		C1086D592527ADDA0099409C /* NewCategoryViewController.swift in Sources */ = {isa = PBXBuildFile; fileRef = C1086D582527ADDA0099409C /* NewCategoryViewController.swift */; };
		C1086D622527B0730099409C /* Document+CoreDataClass.swift in Sources */ = {isa = PBXBuildFile; fileRef = C1086D5E2527B0730099409C /* Document+CoreDataClass.swift */; };
		C1086D632527B0730099409C /* Document+CoreDataProperties.swift in Sources */ = {isa = PBXBuildFile; fileRef = C1086D5F2527B0730099409C /* Document+CoreDataProperties.swift */; };
		C1086D642527B0730099409C /* Category+CoreDataClass.swift in Sources */ = {isa = PBXBuildFile; fileRef = C1086D602527B0730099409C /* Category+CoreDataClass.swift */; };
		C1086D652527B0730099409C /* Category+CoreDataProperties.swift in Sources */ = {isa = PBXBuildFile; fileRef = C1086D612527B0730099409C /* Category+CoreDataProperties.swift */; };
		C1086D6B2527B9FB0099409C /* DocCategoriesViewController.swift in Sources */ = {isa = PBXBuildFile; fileRef = C1086D6A2527B9FB0099409C /* DocCategoriesViewController.swift */; };
		C1086D6D2527D63A0099409C /* NewDocumentViewController.swift in Sources */ = {isa = PBXBuildFile; fileRef = C1086D6C2527D63A0099409C /* NewDocumentViewController.swift */; };
		C1086D6F2527D6AC0099409C /* DocumentsViewController.swift in Sources */ = {isa = PBXBuildFile; fileRef = C1086D6E2527D6AC0099409C /* DocumentsViewController.swift */; };
/* End PBXBuildFile section */

/* Begin PBXContainerItemProxy section */
		C1086D352527AB180099409C /* PBXContainerItemProxy */ = {
			isa = PBXContainerItemProxy;
			containerPortal = C1086D132527AB170099409C /* Project object */;
			proxyType = 1;
			remoteGlobalIDString = C1086D1A2527AB170099409C;
			remoteInfo = "Documents Core Data Relationships";
		};
		C1086D402527AB180099409C /* PBXContainerItemProxy */ = {
			isa = PBXContainerItemProxy;
			containerPortal = C1086D132527AB170099409C /* Project object */;
			proxyType = 1;
			remoteGlobalIDString = C1086D1A2527AB170099409C;
			remoteInfo = "Documents Core Data Relationships";
		};
/* End PBXContainerItemProxy section */

/* Begin PBXFileReference section */
		C1086D1B2527AB170099409C /* Documents Core Data Relationships.app */ = {isa = PBXFileReference; explicitFileType = wrapper.application; includeInIndex = 0; path = "Documents Core Data Relationships.app"; sourceTree = BUILT_PRODUCTS_DIR; };
		C1086D1E2527AB170099409C /* AppDelegate.swift */ = {isa = PBXFileReference; lastKnownFileType = sourcecode.swift; path = AppDelegate.swift; sourceTree = "<group>"; };
		C1086D202527AB170099409C /* SceneDelegate.swift */ = {isa = PBXFileReference; lastKnownFileType = sourcecode.swift; path = SceneDelegate.swift; sourceTree = "<group>"; };
		C1086D282527AB170099409C /* Documents_Core_Data_Relationships.xcdatamodel */ = {isa = PBXFileReference; lastKnownFileType = wrapper.xcdatamodel; path = Documents_Core_Data_Relationships.xcdatamodel; sourceTree = "<group>"; };
		C1086D2A2527AB170099409C /* Assets.xcassets */ = {isa = PBXFileReference; lastKnownFileType = folder.assetcatalog; path = Assets.xcassets; sourceTree = "<group>"; };
		C1086D2D2527AB170099409C /* Base */ = {isa = PBXFileReference; lastKnownFileType = file.storyboard; name = Base; path = Base.lproj/LaunchScreen.storyboard; sourceTree = "<group>"; };
		C1086D2F2527AB170099409C /* Info.plist */ = {isa = PBXFileReference; lastKnownFileType = text.plist.xml; path = Info.plist; sourceTree = "<group>"; };
		C1086D342527AB180099409C /* Documents Core Data RelationshipsTests.xctest */ = {isa = PBXFileReference; explicitFileType = wrapper.cfbundle; includeInIndex = 0; path = "Documents Core Data RelationshipsTests.xctest"; sourceTree = BUILT_PRODUCTS_DIR; };
		C1086D382527AB180099409C /* Documents_Core_Data_RelationshipsTests.swift */ = {isa = PBXFileReference; lastKnownFileType = sourcecode.swift; path = Documents_Core_Data_RelationshipsTests.swift; sourceTree = "<group>"; };
		C1086D3A2527AB180099409C /* Info.plist */ = {isa = PBXFileReference; lastKnownFileType = text.plist.xml; path = Info.plist; sourceTree = "<group>"; };
		C1086D3F2527AB180099409C /* Documents Core Data RelationshipsUITests.xctest */ = {isa = PBXFileReference; explicitFileType = wrapper.cfbundle; includeInIndex = 0; path = "Documents Core Data RelationshipsUITests.xctest"; sourceTree = BUILT_PRODUCTS_DIR; };
		C1086D432527AB180099409C /* Documents_Core_Data_RelationshipsUITests.swift */ = {isa = PBXFileReference; lastKnownFileType = sourcecode.swift; path = Documents_Core_Data_RelationshipsUITests.swift; sourceTree = "<group>"; };
		C1086D452527AB180099409C /* Info.plist */ = {isa = PBXFileReference; lastKnownFileType = text.plist.xml; path = Info.plist; sourceTree = "<group>"; };
		C1086D512527AC140099409C /* Main.storyboard */ = {isa = PBXFileReference; fileEncoding = 4; lastKnownFileType = file.storyboard; path = Main.storyboard; sourceTree = "<group>"; };
		C1086D582527ADDA0099409C /* NewCategoryViewController.swift */ = {isa = PBXFileReference; lastKnownFileType = sourcecode.swift; path = NewCategoryViewController.swift; sourceTree = "<group>"; };
		C1086D5E2527B0730099409C /* Document+CoreDataClass.swift */ = {isa = PBXFileReference; lastKnownFileType = sourcecode.swift; path = "Document+CoreDataClass.swift"; sourceTree = "<group>"; };
		C1086D5F2527B0730099409C /* Document+CoreDataProperties.swift */ = {isa = PBXFileReference; lastKnownFileType = sourcecode.swift; path = "Document+CoreDataProperties.swift"; sourceTree = "<group>"; };
		C1086D602527B0730099409C /* Category+CoreDataClass.swift */ = {isa = PBXFileReference; lastKnownFileType = sourcecode.swift; path = "Category+CoreDataClass.swift"; sourceTree = "<group>"; };
		C1086D612527B0730099409C /* Category+CoreDataProperties.swift */ = {isa = PBXFileReference; lastKnownFileType = sourcecode.swift; path = "Category+CoreDataProperties.swift"; sourceTree = "<group>"; };
		C1086D6A2527B9FB0099409C /* DocCategoriesViewController.swift */ = {isa = PBXFileReference; lastKnownFileType = sourcecode.swift; path = DocCategoriesViewController.swift; sourceTree = "<group>"; };
		C1086D6C2527D63A0099409C /* NewDocumentViewController.swift */ = {isa = PBXFileReference; lastKnownFileType = sourcecode.swift; path = NewDocumentViewController.swift; sourceTree = "<group>"; };
		C1086D6E2527D6AC0099409C /* DocumentsViewController.swift */ = {isa = PBXFileReference; lastKnownFileType = sourcecode.swift; name = DocumentsViewController.swift; path = ../../DocumentsViewController.swift; sourceTree = "<group>"; };
/* End PBXFileReference section */

/* Begin PBXFrameworksBuildPhase section */
		C1086D182527AB170099409C /* Frameworks */ = {
			isa = PBXFrameworksBuildPhase;
			buildActionMask = 2147483647;
			files = (
			);
			runOnlyForDeploymentPostprocessing = 0;
		};
		C1086D312527AB180099409C /* Frameworks */ = {
			isa = PBXFrameworksBuildPhase;
			buildActionMask = 2147483647;
			files = (
			);
			runOnlyForDeploymentPostprocessing = 0;
		};
		C1086D3C2527AB180099409C /* Frameworks */ = {
			isa = PBXFrameworksBuildPhase;
			buildActionMask = 2147483647;
			files = (
			);
			runOnlyForDeploymentPostprocessing = 0;
		};
/* End PBXFrameworksBuildPhase section */

/* Begin PBXGroup section */
		C1086D122527AB170099409C = {
			isa = PBXGroup;
			children = (
				C1086D1D2527AB170099409C /* Documents Core Data Relationships */,
				C1086D372527AB180099409C /* Documents Core Data RelationshipsTests */,
				C1086D422527AB180099409C /* Documents Core Data RelationshipsUITests */,
				C1086D1C2527AB170099409C /* Products */,
			);
			sourceTree = "<group>";
		};
		C1086D1C2527AB170099409C /* Products */ = {
			isa = PBXGroup;
			children = (
				C1086D1B2527AB170099409C /* Documents Core Data Relationships.app */,
				C1086D342527AB180099409C /* Documents Core Data RelationshipsTests.xctest */,
				C1086D3F2527AB180099409C /* Documents Core Data RelationshipsUITests.xctest */,
			);
			name = Products;
			sourceTree = "<group>";
		};
		C1086D1D2527AB170099409C /* Documents Core Data Relationships */ = {
			isa = PBXGroup;
			children = (
				C1086D672527B09E0099409C /* Support Files */,
				C1086D662527B07B0099409C /* Entities */,
				C1086D572527ADB20099409C /* View Controllers */,
				C1086D512527AC140099409C /* Main.storyboard */,
				C1086D272527AB170099409C /* Documents_Core_Data_Relationships.xcdatamodeld */,
			);
			path = "Documents Core Data Relationships";
			sourceTree = "<group>";
		};
		C1086D372527AB180099409C /* Documents Core Data RelationshipsTests */ = {
			isa = PBXGroup;
			children = (
				C1086D382527AB180099409C /* Documents_Core_Data_RelationshipsTests.swift */,
				C1086D3A2527AB180099409C /* Info.plist */,
			);
			path = "Documents Core Data RelationshipsTests";
			sourceTree = "<group>";
		};
		C1086D422527AB180099409C /* Documents Core Data RelationshipsUITests */ = {
			isa = PBXGroup;
			children = (
				C1086D432527AB180099409C /* Documents_Core_Data_RelationshipsUITests.swift */,
				C1086D452527AB180099409C /* Info.plist */,
			);
			path = "Documents Core Data RelationshipsUITests";
			sourceTree = "<group>";
		};
		C1086D572527ADB20099409C /* View Controllers */ = {
			isa = PBXGroup;
			children = (
				C1086D6A2527B9FB0099409C /* DocCategoriesViewController.swift */,
				C1086D582527ADDA0099409C /* NewCategoryViewController.swift */,
				C1086D6C2527D63A0099409C /* NewDocumentViewController.swift */,
				C1086D6E2527D6AC0099409C /* DocumentsViewController.swift */,
			);
			path = "View Controllers";
			sourceTree = "<group>";
		};
		C1086D662527B07B0099409C /* Entities */ = {
			isa = PBXGroup;
			children = (
				C1086D5E2527B0730099409C /* Document+CoreDataClass.swift */,
				C1086D5F2527B0730099409C /* Document+CoreDataProperties.swift */,
				C1086D602527B0730099409C /* Category+CoreDataClass.swift */,
				C1086D612527B0730099409C /* Category+CoreDataProperties.swift */,
			);
			path = Entities;
			sourceTree = "<group>";
		};
		C1086D672527B09E0099409C /* Support Files */ = {
			isa = PBXGroup;
			children = (
				C1086D1E2527AB170099409C /* AppDelegate.swift */,
				C1086D202527AB170099409C /* SceneDelegate.swift */,
				C1086D2A2527AB170099409C /* Assets.xcassets */,
				C1086D2C2527AB170099409C /* LaunchScreen.storyboard */,
				C1086D2F2527AB170099409C /* Info.plist */,
			);
			path = "Support Files";
			sourceTree = "<group>";
		};
/* End PBXGroup section */

/* Begin PBXNativeTarget section */
		C1086D1A2527AB170099409C /* Documents Core Data Relationships */ = {
			isa = PBXNativeTarget;
			buildConfigurationList = C1086D482527AB180099409C /* Build configuration list for PBXNativeTarget "Documents Core Data Relationships" */;
			buildPhases = (
				C1086D172527AB170099409C /* Sources */,
				C1086D182527AB170099409C /* Frameworks */,
				C1086D192527AB170099409C /* Resources */,
			);
			buildRules = (
			);
			dependencies = (
			);
			name = "Documents Core Data Relationships";
			productName = "Documents Core Data Relationships";
			productReference = C1086D1B2527AB170099409C /* Documents Core Data Relationships.app */;
			productType = "com.apple.product-type.application";
		};
		C1086D332527AB180099409C /* Documents Core Data RelationshipsTests */ = {
			isa = PBXNativeTarget;
			buildConfigurationList = C1086D4B2527AB180099409C /* Build configuration list for PBXNativeTarget "Documents Core Data RelationshipsTests" */;
			buildPhases = (
				C1086D302527AB180099409C /* Sources */,
				C1086D312527AB180099409C /* Frameworks */,
				C1086D322527AB180099409C /* Resources */,
			);
			buildRules = (
			);
			dependencies = (
				C1086D362527AB180099409C /* PBXTargetDependency */,
			);
			name = "Documents Core Data RelationshipsTests";
			productName = "Documents Core Data RelationshipsTests";
			productReference = C1086D342527AB180099409C /* Documents Core Data RelationshipsTests.xctest */;
			productType = "com.apple.product-type.bundle.unit-test";
		};
		C1086D3E2527AB180099409C /* Documents Core Data RelationshipsUITests */ = {
			isa = PBXNativeTarget;
			buildConfigurationList = C1086D4E2527AB180099409C /* Build configuration list for PBXNativeTarget "Documents Core Data RelationshipsUITests" */;
			buildPhases = (
				C1086D3B2527AB180099409C /* Sources */,
				C1086D3C2527AB180099409C /* Frameworks */,
				C1086D3D2527AB180099409C /* Resources */,
			);
			buildRules = (
			);
			dependencies = (
				C1086D412527AB180099409C /* PBXTargetDependency */,
			);
			name = "Documents Core Data RelationshipsUITests";
			productName = "Documents Core Data RelationshipsUITests";
			productReference = C1086D3F2527AB180099409C /* Documents Core Data RelationshipsUITests.xctest */;
			productType = "com.apple.product-type.bundle.ui-testing";
		};
/* End PBXNativeTarget section */

/* Begin PBXProject section */
		C1086D132527AB170099409C /* Project object */ = {
			isa = PBXProject;
			attributes = {
				LastSwiftUpdateCheck = 1170;
				LastUpgradeCheck = 1170;
				ORGANIZATIONNAME = "Melissa Crozier";
				TargetAttributes = {
					C1086D1A2527AB170099409C = {
						CreatedOnToolsVersion = 11.7;
					};
					C1086D332527AB180099409C = {
						CreatedOnToolsVersion = 11.7;
						TestTargetID = C1086D1A2527AB170099409C;
					};
					C1086D3E2527AB180099409C = {
						CreatedOnToolsVersion = 11.7;
						TestTargetID = C1086D1A2527AB170099409C;
					};
				};
			};
			buildConfigurationList = C1086D162527AB170099409C /* Build configuration list for PBXProject "Documents Core Data Relationships" */;
			compatibilityVersion = "Xcode 9.3";
			developmentRegion = en;
			hasScannedForEncodings = 0;
			knownRegions = (
				en,
				Base,
			);
			mainGroup = C1086D122527AB170099409C;
			productRefGroup = C1086D1C2527AB170099409C /* Products */;
			projectDirPath = "";
			projectRoot = "";
			targets = (
				C1086D1A2527AB170099409C /* Documents Core Data Relationships */,
				C1086D332527AB180099409C /* Documents Core Data RelationshipsTests */,
				C1086D3E2527AB180099409C /* Documents Core Data RelationshipsUITests */,
			);
		};
/* End PBXProject section */

/* Begin PBXResourcesBuildPhase section */
		C1086D192527AB170099409C /* Resources */ = {
			isa = PBXResourcesBuildPhase;
			buildActionMask = 2147483647;
			files = (
				C1086D522527AC140099409C /* Main.storyboard in Resources */,
				C1086D2E2527AB170099409C /* LaunchScreen.storyboard in Resources */,
				C1086D2B2527AB170099409C /* Assets.xcassets in Resources */,
			);
			runOnlyForDeploymentPostprocessing = 0;
		};
		C1086D322527AB180099409C /* Resources */ = {
			isa = PBXResourcesBuildPhase;
			buildActionMask = 2147483647;
			files = (
			);
			runOnlyForDeploymentPostprocessing = 0;
		};
		C1086D3D2527AB180099409C /* Resources */ = {
			isa = PBXResourcesBuildPhase;
			buildActionMask = 2147483647;
			files = (
			);
			runOnlyForDeploymentPostprocessing = 0;
		};
/* End PBXResourcesBuildPhase section */

/* Begin PBXSourcesBuildPhase section */
		C1086D172527AB170099409C /* Sources */ = {
			isa = PBXSourcesBuildPhase;
			buildActionMask = 2147483647;
			files = (
				C1086D292527AB170099409C /* Documents_Core_Data_Relationships.xcdatamodeld in Sources */,
				C1086D1F2527AB170099409C /* AppDelegate.swift in Sources */,
				C1086D622527B0730099409C /* Document+CoreDataClass.swift in Sources */,
				C1086D642527B0730099409C /* Category+CoreDataClass.swift in Sources */,
				C1086D6D2527D63A0099409C /* NewDocumentViewController.swift in Sources */,
				C1086D592527ADDA0099409C /* NewCategoryViewController.swift in Sources */,
				C1086D652527B0730099409C /* Category+CoreDataProperties.swift in Sources */,
				C1086D632527B0730099409C /* Document+CoreDataProperties.swift in Sources */,
				C1086D212527AB170099409C /* SceneDelegate.swift in Sources */,
				C1086D6F2527D6AC0099409C /* DocumentsViewController.swift in Sources */,
				C1086D6B2527B9FB0099409C /* DocCategoriesViewController.swift in Sources */,
			);
			runOnlyForDeploymentPostprocessing = 0;
		};
		C1086D302527AB180099409C /* Sources */ = {
			isa = PBXSourcesBuildPhase;
			buildActionMask = 2147483647;
			files = (
				C1086D392527AB180099409C /* Documents_Core_Data_RelationshipsTests.swift in Sources */,
			);
			runOnlyForDeploymentPostprocessing = 0;
		};
		C1086D3B2527AB180099409C /* Sources */ = {
			isa = PBXSourcesBuildPhase;
			buildActionMask = 2147483647;
			files = (
				C1086D442527AB180099409C /* Documents_Core_Data_RelationshipsUITests.swift in Sources */,
			);
			runOnlyForDeploymentPostprocessing = 0;
		};
/* End PBXSourcesBuildPhase section */

/* Begin PBXTargetDependency section */
		C1086D362527AB180099409C /* PBXTargetDependency */ = {
			isa = PBXTargetDependency;
			target = C1086D1A2527AB170099409C /* Documents Core Data Relationships */;
			targetProxy = C1086D352527AB180099409C /* PBXContainerItemProxy */;
		};
		C1086D412527AB180099409C /* PBXTargetDependency */ = {
			isa = PBXTargetDependency;
			target = C1086D1A2527AB170099409C /* Documents Core Data Relationships */;
			targetProxy = C1086D402527AB180099409C /* PBXContainerItemProxy */;
		};
/* End PBXTargetDependency section */

/* Begin PBXVariantGroup section */
		C1086D2C2527AB170099409C /* LaunchScreen.storyboard */ = {
			isa = PBXVariantGroup;
			children = (
				C1086D2D2527AB170099409C /* Base */,
			);
			name = LaunchScreen.storyboard;
			sourceTree = "<group>";
		};
/* End PBXVariantGroup section */

/* Begin XCBuildConfiguration section */
		C1086D462527AB180099409C /* Debug */ = {
			isa = XCBuildConfiguration;
			buildSettings = {
				ALWAYS_SEARCH_USER_PATHS = NO;
				CLANG_ANALYZER_NONNULL = YES;
				CLANG_ANALYZER_NUMBER_OBJECT_CONVERSION = YES_AGGRESSIVE;
				CLANG_CXX_LANGUAGE_STANDARD = "gnu++14";
				CLANG_CXX_LIBRARY = "libc++";
				CLANG_ENABLE_MODULES = YES;
				CLANG_ENABLE_OBJC_ARC = YES;
				CLANG_ENABLE_OBJC_WEAK = YES;
				CLANG_WARN_BLOCK_CAPTURE_AUTORELEASING = YES;
				CLANG_WARN_BOOL_CONVERSION = YES;
				CLANG_WARN_COMMA = YES;
				CLANG_WARN_CONSTANT_CONVERSION = YES;
				CLANG_WARN_DEPRECATED_OBJC_IMPLEMENTATIONS = YES;
				CLANG_WARN_DIRECT_OBJC_ISA_USAGE = YES_ERROR;
				CLANG_WARN_DOCUMENTATION_COMMENTS = YES;
				CLANG_WARN_EMPTY_BODY = YES;
				CLANG_WARN_ENUM_CONVERSION = YES;
				CLANG_WARN_INFINITE_RECURSION = YES;
				CLANG_WARN_INT_CONVERSION = YES;
				CLANG_WARN_NON_LITERAL_NULL_CONVERSION = YES;
				CLANG_WARN_OBJC_IMPLICIT_RETAIN_SELF = YES;
				CLANG_WARN_OBJC_LITERAL_CONVERSION = YES;
				CLANG_WARN_OBJC_ROOT_CLASS = YES_ERROR;
				CLANG_WARN_RANGE_LOOP_ANALYSIS = YES;
				CLANG_WARN_STRICT_PROTOTYPES = YES;
				CLANG_WARN_SUSPICIOUS_MOVE = YES;
				CLANG_WARN_UNGUARDED_AVAILABILITY = YES_AGGRESSIVE;
				CLANG_WARN_UNREACHABLE_CODE = YES;
				CLANG_WARN__DUPLICATE_METHOD_MATCH = YES;
				COPY_PHASE_STRIP = NO;
				DEBUG_INFORMATION_FORMAT = dwarf;
				ENABLE_STRICT_OBJC_MSGSEND = YES;
				ENABLE_TESTABILITY = YES;
				GCC_C_LANGUAGE_STANDARD = gnu11;
				GCC_DYNAMIC_NO_PIC = NO;
				GCC_NO_COMMON_BLOCKS = YES;
				GCC_OPTIMIZATION_LEVEL = 0;
				GCC_PREPROCESSOR_DEFINITIONS = (
					"DEBUG=1",
					"$(inherited)",
				);
				GCC_WARN_64_TO_32_BIT_CONVERSION = YES;
				GCC_WARN_ABOUT_RETURN_TYPE = YES_ERROR;
				GCC_WARN_UNDECLARED_SELECTOR = YES;
				GCC_WARN_UNINITIALIZED_AUTOS = YES_AGGRESSIVE;
				GCC_WARN_UNUSED_FUNCTION = YES;
				GCC_WARN_UNUSED_VARIABLE = YES;
				IPHONEOS_DEPLOYMENT_TARGET = 13.7;
				MTL_ENABLE_DEBUG_INFO = INCLUDE_SOURCE;
				MTL_FAST_MATH = YES;
				ONLY_ACTIVE_ARCH = YES;
				SDKROOT = iphoneos;
				SWIFT_ACTIVE_COMPILATION_CONDITIONS = DEBUG;
				SWIFT_OPTIMIZATION_LEVEL = "-Onone";
			};
			name = Debug;
		};
		C1086D472527AB180099409C /* Release */ = {
			isa = XCBuildConfiguration;
			buildSettings = {
				ALWAYS_SEARCH_USER_PATHS = NO;
				CLANG_ANALYZER_NONNULL = YES;
				CLANG_ANALYZER_NUMBER_OBJECT_CONVERSION = YES_AGGRESSIVE;
				CLANG_CXX_LANGUAGE_STANDARD = "gnu++14";
				CLANG_CXX_LIBRARY = "libc++";
				CLANG_ENABLE_MODULES = YES;
				CLANG_ENABLE_OBJC_ARC = YES;
				CLANG_ENABLE_OBJC_WEAK = YES;
				CLANG_WARN_BLOCK_CAPTURE_AUTORELEASING = YES;
				CLANG_WARN_BOOL_CONVERSION = YES;
				CLANG_WARN_COMMA = YES;
				CLANG_WARN_CONSTANT_CONVERSION = YES;
				CLANG_WARN_DEPRECATED_OBJC_IMPLEMENTATIONS = YES;
				CLANG_WARN_DIRECT_OBJC_ISA_USAGE = YES_ERROR;
				CLANG_WARN_DOCUMENTATION_COMMENTS = YES;
				CLANG_WARN_EMPTY_BODY = YES;
				CLANG_WARN_ENUM_CONVERSION = YES;
				CLANG_WARN_INFINITE_RECURSION = YES;
				CLANG_WARN_INT_CONVERSION = YES;
				CLANG_WARN_NON_LITERAL_NULL_CONVERSION = YES;
				CLANG_WARN_OBJC_IMPLICIT_RETAIN_SELF = YES;
				CLANG_WARN_OBJC_LITERAL_CONVERSION = YES;
				CLANG_WARN_OBJC_ROOT_CLASS = YES_ERROR;
				CLANG_WARN_RANGE_LOOP_ANALYSIS = YES;
				CLANG_WARN_STRICT_PROTOTYPES = YES;
				CLANG_WARN_SUSPICIOUS_MOVE = YES;
				CLANG_WARN_UNGUARDED_AVAILABILITY = YES_AGGRESSIVE;
				CLANG_WARN_UNREACHABLE_CODE = YES;
				CLANG_WARN__DUPLICATE_METHOD_MATCH = YES;
				COPY_PHASE_STRIP = NO;
				DEBUG_INFORMATION_FORMAT = "dwarf-with-dsym";
				ENABLE_NS_ASSERTIONS = NO;
				ENABLE_STRICT_OBJC_MSGSEND = YES;
				GCC_C_LANGUAGE_STANDARD = gnu11;
				GCC_NO_COMMON_BLOCKS = YES;
				GCC_WARN_64_TO_32_BIT_CONVERSION = YES;
				GCC_WARN_ABOUT_RETURN_TYPE = YES_ERROR;
				GCC_WARN_UNDECLARED_SELECTOR = YES;
				GCC_WARN_UNINITIALIZED_AUTOS = YES_AGGRESSIVE;
				GCC_WARN_UNUSED_FUNCTION = YES;
				GCC_WARN_UNUSED_VARIABLE = YES;
				IPHONEOS_DEPLOYMENT_TARGET = 13.7;
				MTL_ENABLE_DEBUG_INFO = NO;
				MTL_FAST_MATH = YES;
				SDKROOT = iphoneos;
				SWIFT_COMPILATION_MODE = wholemodule;
				SWIFT_OPTIMIZATION_LEVEL = "-O";
				VALIDATE_PRODUCT = YES;
			};
			name = Release;
		};
		C1086D492527AB180099409C /* Debug */ = {
			isa = XCBuildConfiguration;
			buildSettings = {
				ASSETCATALOG_COMPILER_APPICON_NAME = AppIcon;
				CODE_SIGN_STYLE = Automatic;
				DEVELOPMENT_TEAM = ULK9S9WDFB;
				INFOPLIST_FILE = "/Users/mcrozier0329/Desktop/FS2020/INFOTC-4425/1/Documents Core Data Relationships/Documents Core Data Relationships/Support Files/Info.plist";
				LD_RUNPATH_SEARCH_PATHS = (
					"$(inherited)",
					"@executable_path/Frameworks",
				);
				PRODUCT_BUNDLE_IDENTIFIER = "Crozier.Documents-Core-Data-Relationships";
				PRODUCT_NAME = "$(TARGET_NAME)";
				SWIFT_VERSION = 5.0;
				TARGETED_DEVICE_FAMILY = "1,2";
			};
			name = Debug;
		};
		C1086D4A2527AB180099409C /* Release */ = {
			isa = XCBuildConfiguration;
			buildSettings = {
				ASSETCATALOG_COMPILER_APPICON_NAME = AppIcon;
				CODE_SIGN_STYLE = Automatic;
				DEVELOPMENT_TEAM = ULK9S9WDFB;
				INFOPLIST_FILE = "/Users/mcrozier0329/Desktop/FS2020/INFOTC-4425/1/Documents Core Data Relationships/Documents Core Data Relationships/Support Files/Info.plist";
				LD_RUNPATH_SEARCH_PATHS = (
					"$(inherited)",
					"@executable_path/Frameworks",
				);
				PRODUCT_BUNDLE_IDENTIFIER = "Crozier.Documents-Core-Data-Relationships";
				PRODUCT_NAME = "$(TARGET_NAME)";
				SWIFT_VERSION = 5.0;
				TARGETED_DEVICE_FAMILY = "1,2";
			};
			name = Release;
		};
		C1086D4C2527AB180099409C /* Debug */ = {
			isa = XCBuildConfiguration;
			buildSettings = {
				ALWAYS_EMBED_SWIFT_STANDARD_LIBRARIES = YES;
				BUNDLE_LOADER = "$(TEST_HOST)";
				CODE_SIGN_STYLE = Automatic;
				DEVELOPMENT_TEAM = ULK9S9WDFB;
				INFOPLIST_FILE = "Documents Core Data RelationshipsTests/Info.plist";
				IPHONEOS_DEPLOYMENT_TARGET = 13.7;
				LD_RUNPATH_SEARCH_PATHS = (
					"$(inherited)",
					"@executable_path/Frameworks",
					"@loader_path/Frameworks",
				);
				PRODUCT_BUNDLE_IDENTIFIER = "Crozier.Documents-Core-Data-RelationshipsTests";
				PRODUCT_NAME = "$(TARGET_NAME)";
				SWIFT_VERSION = 5.0;
				TARGETED_DEVICE_FAMILY = "1,2";
				TEST_HOST = "$(BUILT_PRODUCTS_DIR)/Documents Core Data Relationships.app/Documents Core Data Relationships";
			};
			name = Debug;
		};
		C1086D4D2527AB180099409C /* Release */ = {
			isa = XCBuildConfiguration;
			buildSettings = {
				ALWAYS_EMBED_SWIFT_STANDARD_LIBRARIES = YES;
				BUNDLE_LOADER = "$(TEST_HOST)";
				CODE_SIGN_STYLE = Automatic;
				DEVELOPMENT_TEAM = ULK9S9WDFB;
				INFOPLIST_FILE = "Documents Core Data RelationshipsTests/Info.plist";
				IPHONEOS_DEPLOYMENT_TARGET = 13.7;
				LD_RUNPATH_SEARCH_PATHS = (
					"$(inherited)",
					"@executable_path/Frameworks",
					"@loader_path/Frameworks",
				);
				PRODUCT_BUNDLE_IDENTIFIER = "Crozier.Documents-Core-Data-RelationshipsTests";
				PRODUCT_NAME = "$(TARGET_NAME)";
				SWIFT_VERSION = 5.0;
				TARGETED_DEVICE_FAMILY = "1,2";
				TEST_HOST = "$(BUILT_PRODUCTS_DIR)/Documents Core Data Relationships.app/Documents Core Data Relationships";
			};
			name = Release;
		};
		C1086D4F2527AB180099409C /* Debug */ = {
			isa = XCBuildConfiguration;
			buildSettings = {
				ALWAYS_EMBED_SWIFT_STANDARD_LIBRARIES = YES;
				CODE_SIGN_STYLE = Automatic;
				DEVELOPMENT_TEAM = ULK9S9WDFB;
				INFOPLIST_FILE = "Documents Core Data RelationshipsUITests/Info.plist";
				LD_RUNPATH_SEARCH_PATHS = (
					"$(inherited)",
					"@executable_path/Frameworks",
					"@loader_path/Frameworks",
				);
				PRODUCT_BUNDLE_IDENTIFIER = "Crozier.Documents-Core-Data-RelationshipsUITests";
				PRODUCT_NAME = "$(TARGET_NAME)";
				SWIFT_VERSION = 5.0;
				TARGETED_DEVICE_FAMILY = "1,2";
				TEST_TARGET_NAME = "Documents Core Data Relationships";
			};
			name = Debug;
		};
		C1086D502527AB180099409C /* Release */ = {
			isa = XCBuildConfiguration;
			buildSettings = {
				ALWAYS_EMBED_SWIFT_STANDARD_LIBRARIES = YES;
				CODE_SIGN_STYLE = Automatic;
				DEVELOPMENT_TEAM = ULK9S9WDFB;
				INFOPLIST_FILE = "Documents Core Data RelationshipsUITests/Info.plist";
				LD_RUNPATH_SEARCH_PATHS = (
					"$(inherited)",
					"@executable_path/Frameworks",
					"@loader_path/Frameworks",
				);
				PRODUCT_BUNDLE_IDENTIFIER = "Crozier.Documents-Core-Data-RelationshipsUITests";
				PRODUCT_NAME = "$(TARGET_NAME)";
				SWIFT_VERSION = 5.0;
				TARGETED_DEVICE_FAMILY = "1,2";
				TEST_TARGET_NAME = "Documents Core Data Relationships";
			};
			name = Release;
		};
/* End XCBuildConfiguration section */

/* Begin XCConfigurationList section */
		C1086D162527AB170099409C /* Build configuration list for PBXProject "Documents Core Data Relationships" */ = {
			isa = XCConfigurationList;
			buildConfigurations = (
				C1086D462527AB180099409C /* Debug */,
				C1086D472527AB180099409C /* Release */,
			);
			defaultConfigurationIsVisible = 0;
			defaultConfigurationName = Release;
		};
		C1086D482527AB180099409C /* Build configuration list for PBXNativeTarget "Documents Core Data Relationships" */ = {
			isa = XCConfigurationList;
			buildConfigurations = (
				C1086D492527AB180099409C /* Debug */,
				C1086D4A2527AB180099409C /* Release */,
			);
			defaultConfigurationIsVisible = 0;
			defaultConfigurationName = Release;
		};
		C1086D4B2527AB180099409C /* Build configuration list for PBXNativeTarget "Documents Core Data RelationshipsTests" */ = {
			isa = XCConfigurationList;
			buildConfigurations = (
				C1086D4C2527AB180099409C /* Debug */,
				C1086D4D2527AB180099409C /* Release */,
			);
			defaultConfigurationIsVisible = 0;
			defaultConfigurationName = Release;
		};
		C1086D4E2527AB180099409C /* Build configuration list for PBXNativeTarget "Documents Core Data RelationshipsUITests" */ = {
			isa = XCConfigurationList;
			buildConfigurations = (
				C1086D4F2527AB180099409C /* Debug */,
				C1086D502527AB180099409C /* Release */,
			);
			defaultConfigurationIsVisible = 0;
			defaultConfigurationName = Release;
		};
/* End XCConfigurationList section */

/* Begin XCVersionGroup section */
		C1086D272527AB170099409C /* Documents_Core_Data_Relationships.xcdatamodeld */ = {
			isa = XCVersionGroup;
			children = (
				C1086D282527AB170099409C /* Documents_Core_Data_Relationships.xcdatamodel */,
			);
			currentVersion = C1086D282527AB170099409C /* Documents_Core_Data_Relationships.xcdatamodel */;
			path = Documents_Core_Data_Relationships.xcdatamodeld;
			sourceTree = "<group>";
			versionGroupType = wrapper.xcdatamodel;
		};
/* End XCVersionGroup section */
	};
	rootObject = C1086D132527AB170099409C /* Project object */;
}
